# This file is automatically @generated by Cargo.
# It is not intended for manual editing.
[[package]]
name = "bytes"
version = "0.5.3"
source = "registry+https://github.com/rust-lang/crates.io-index"

[[package]]
name = "fusee"
version = "0.1.0"
dependencies = [
 "bytes 0.5.3 (registry+https://github.com/rust-lang/crates.io-index)",
]

[metadata]
"checksum bytes 0.5.3 (registry+https://github.com/rust-lang/crates.io-index)" = "10004c15deb332055f7a4a208190aed362cf9a7c2f6ab70a305fba50e1105f38"
